
Microsoft Visual Studio Solution File, Format Version 12.00
# Visual Studio Version 17
VisualStudioVersion = 17.1.32328.378
MinimumVisualStudioVersion = 10.0.40219.1
Project("{8BC9CEB8-8B4A-11D0-8D11-00A0C91BC942}") = "Chapter_12", "Chapter_12\Chapter_12.vcxproj", "{3DB655EB-6B0A-4813-A5A5-BFD7B8308FDA}"
EndProject
Project("{8BC9CEB8-8B4A-11D0-8D11-00A0C91BC942}") = "Fstream_open_close", "Fstream_open_close\Fstream_open_close.vcxproj", "{ED4E0E59-3290-487E-B6D7-1123EE8B238A}"
EndProject
Project("{8BC9CEB8-8B4A-11D0-8D11-00A0C91BC942}") = "fstream_with_functions", "fstream_with_functions\fstream_with_functions.vcxproj", "{CEA891DE-6F05-4E4B-BE4F-D9C49B0EEA84}"
EndProject
Project("{8BC9CEB8-8B4A-11D0-8D11-00A0C91BC942}") = "Fstream_testing_member_functions", "Fstream_testing_member_functions\Fstream_testing_member_functions.vcxproj", "{0E9B8636-5769-409D-9D5B-CE19B23C86BB}"
EndProject
Project("{8BC9CEB8-8B4A-11D0-8D11-00A0C91BC942}") = "file_with_whitespace_characters", "file_with_whitespace_characters\file_with_whitespace_characters.vcxproj", "{64F2E090-C624-44B8-9367-6149C50B3E5F}"
EndProject
Project("{8BC9CEB8-8B4A-11D0-8D11-00A0C91BC942}") = "fstream_with_getline", "fstream_with_getline\fstream_with_getline.vcxproj", "{1B9C924A-1CD3-4885-8311-739CF14B2661}"
EndProject
Project("{8BC9CEB8-8B4A-11D0-8D11-00A0C91BC942}") = "Storing_Record_to_File", "Storing_Record_to_File\Storing_Record_to_File.vcxproj", "{396C8593-8371-4A74-87E9-3EED4A9AE741}"
EndProject
Project("{8BC9CEB8-8B4A-11D0-8D11-00A0C91BC942}") = "Reading_file_Struct", "Reading_file_Struct\Reading_file_Struct.vcxproj", "{FAD9082F-FE79-4E4D-B056-22E2174875F2}"
EndProject
Global
	GlobalSection(SolutionConfigurationPlatforms) = preSolution
		Debug|x64 = Debug|x64
		Debug|x86 = Debug|x86
		Release|x64 = Release|x64
		Release|x86 = Release|x86
	EndGlobalSection
	GlobalSection(ProjectConfigurationPlatforms) = postSolution
		{3DB655EB-6B0A-4813-A5A5-BFD7B8308FDA}.Debug|x64.ActiveCfg = Debug|x64
		{3DB655EB-6B0A-4813-A5A5-BFD7B8308FDA}.Debug|x64.Build.0 = Debug|x64
		{3DB655EB-6B0A-4813-A5A5-BFD7B8308FDA}.Debug|x86.ActiveCfg = Debug|Win32
		{3DB655EB-6B0A-4813-A5A5-BFD7B8308FDA}.Debug|x86.Build.0 = Debug|Win32
		{3DB655EB-6B0A-4813-A5A5-BFD7B8308FDA}.Release|x64.ActiveCfg = Release|x64
		{3DB655EB-6B0A-4813-A5A5-BFD7B8308FDA}.Release|x64.Build.0 = Release|x64
		{3DB655EB-6B0A-4813-A5A5-BFD7B8308FDA}.Release|x86.ActiveCfg = Release|Win32
		{3DB655EB-6B0A-4813-A5A5-BFD7B8308FDA}.Release|x86.Build.0 = Release|Win32
		{ED4E0E59-3290-487E-B6D7-1123EE8B238A}.Debug|x64.ActiveCfg = Debug|x64
		{ED4E0E59-3290-487E-B6D7-1123EE8B238A}.Debug|x64.Build.0 = Debug|x64
		{ED4E0E59-3290-487E-B6D7-1123EE8B238A}.Debug|x86.ActiveCfg = Debug|Win32
		{ED4E0E59-3290-487E-B6D7-1123EE8B238A}.Debug|x86.Build.0 = Debug|Win32
		{ED4E0E59-3290-487E-B6D7-1123EE8B238A}.Release|x64.ActiveCfg = Release|x64
		{ED4E0E59-3290-487E-B6D7-1123EE8B238A}.Release|x64.Build.0 = Release|x64
		{ED4E0E59-3290-487E-B6D7-1123EE8B238A}.Release|x86.ActiveCfg = Release|Win32
		{ED4E0E59-3290-487E-B6D7-1123EE8B238A}.Release|x86.Build.0 = Release|Win32
		{CEA891DE-6F05-4E4B-BE4F-D9C49B0EEA84}.Debug|x64.ActiveCfg = Debug|x64
		{CEA891DE-6F05-4E4B-BE4F-D9C49B0EEA84}.Debug|x64.Build.0 = Debug|x64
		{CEA891DE-6F05-4E4B-BE4F-D9C49B0EEA84}.Debug|x86.ActiveCfg = Debug|Win32
		{CEA891DE-6F05-4E4B-BE4F-D9C49B0EEA84}.Debug|x86.Build.0 = Debug|Win32
		{CEA891DE-6F05-4E4B-BE4F-D9C49B0EEA84}.Release|x64.ActiveCfg = Release|x64
		{CEA891DE-6F05-4E4B-BE4F-D9C49B0EEA84}.Release|x64.Build.0 = Release|x64
		{CEA891DE-6F05-4E4B-BE4F-D9C49B0EEA84}.Release|x86.ActiveCfg = Release|Win32
		{CEA891DE-6F05-4E4B-BE4F-D9C49B0EEA84}.Release|x86.Build.0 = Release|Win32
		{0E9B8636-5769-409D-9D5B-CE19B23C86BB}.Debug|x64.ActiveCfg = Debug|x64
		{0E9B8636-5769-409D-9D5B-CE19B23C86BB}.Debug|x64.Build.0 = Debug|x64
		{0E9B8636-5769-409D-9D5B-CE19B23C86BB}.Debug|x86.ActiveCfg = Debug|Win32
		{0E9B8636-5769-409D-9D5B-CE19B23C86BB}.Debug|x86.Build.0 = Debug|Win32
		{0E9B8636-5769-409D-9D5B-CE19B23C86BB}.Release|x64.ActiveCfg = Release|x64
		{0E9B8636-5769-409D-9D5B-CE19B23C86BB}.Release|x64.Build.0 = Release|x64
		{0E9B8636-5769-409D-9D5B-CE19B23C86BB}.Release|x86.ActiveCfg = Release|Win32
		{0E9B8636-5769-409D-9D5B-CE19B23C86BB}.Release|x86.Build.0 = Release|Win32
		{64F2E090-C624-44B8-9367-6149C50B3E5F}.Debug|x64.ActiveCfg = Debug|x64
		{64F2E090-C624-44B8-9367-6149C50B3E5F}.Debug|x64.Build.0 = Debug|x64
		{64F2E090-C624-44B8-9367-6149C50B3E5F}.Debug|x86.ActiveCfg = Debug|Win32
		{64F2E090-C624-44B8-9367-6149C50B3E5F}.Debug|x86.Build.0 = Debug|Win32
		{64F2E090-C624-44B8-9367-6149C50B3E5F}.Release|x64.ActiveCfg = Release|x64
		{64F2E090-C624-44B8-9367-6149C50B3E5F}.Release|x64.Build.0 = Release|x64
		{64F2E090-C624-44B8-9367-6149C50B3E5F}.Release|x86.ActiveCfg = Release|Win32
		{64F2E090-C624-44B8-9367-6149C50B3E5F}.Release|x86.Build.0 = Release|Win32
		{1B9C924A-1CD3-4885-8311-739CF14B2661}.Debug|x64.ActiveCfg = Debug|x64
		{1B9C924A-1CD3-4885-8311-739CF14B2661}.Debug|x64.Build.0 = Debug|x64
		{1B9C924A-1CD3-4885-8311-739CF14B2661}.Debug|x86.ActiveCfg = Debug|Win32
		{1B9C924A-1CD3-4885-8311-739CF14B2661}.Debug|x86.Build.0 = Debug|Win32
		{1B9C924A-1CD3-4885-8311-739CF14B2661}.Release|x64.ActiveCfg = Release|x64
		{1B9C924A-1CD3-4885-8311-739CF14B2661}.Release|x64.Build.0 = Release|x64
		{1B9C924A-1CD3-4885-8311-739CF14B2661}.Release|x86.ActiveCfg = Release|Win32
		{1B9C924A-1CD3-4885-8311-739CF14B2661}.Release|x86.Build.0 = Release|Win32
		{396C8593-8371-4A74-87E9-3EED4A9AE741}.Debug|x64.ActiveCfg = Debug|x64
		{396C8593-8371-4A74-87E9-3EED4A9AE741}.Debug|x64.Build.0 = Debug|x64
		{396C8593-8371-4A74-87E9-3EED4A9AE741}.Debug|x86.ActiveCfg = Debug|Win32
		{396C8593-8371-4A74-87E9-3EED4A9AE741}.Debug|x86.Build.0 = Debug|Win32
		{396C8593-8371-4A74-87E9-3EED4A9AE741}.Release|x64.ActiveCfg = Release|x64
		{396C8593-8371-4A74-87E9-3EED4A9AE741}.Release|x64.Build.0 = Release|x64
		{396C8593-8371-4A74-87E9-3EED4A9AE741}.Release|x86.ActiveCfg = Release|Win32
		{396C8593-8371-4A74-87E9-3EED4A9AE741}.Release|x86.Build.0 = Release|Win32
		{FAD9082F-FE79-4E4D-B056-22E2174875F2}.Debug|x64.ActiveCfg = Debug|x64
		{FAD9082F-FE79-4E4D-B056-22E2174875F2}.Debug|x64.Build.0 = Debug|x64
		{FAD9082F-FE79-4E4D-B056-22E2174875F2}.Debug|x86.ActiveCfg = Debug|Win32
		{FAD9082F-FE79-4E4D-B056-22E2174875F2}.Debug|x86.Build.0 = Debug|Win32
		{FAD9082F-FE79-4E4D-B056-22E2174875F2}.Release|x64.ActiveCfg = Release|x64
		{FAD9082F-FE79-4E4D-B056-22E2174875F2}.Release|x64.Build.0 = Release|x64
		{FAD9082F-FE79-4E4D-B056-22E2174875F2}.Release|x86.ActiveCfg = Release|Win32
		{FAD9082F-FE79-4E4D-B056-22E2174875F2}.Release|x86.Build.0 = Release|Win32
	EndGlobalSection
	GlobalSection(SolutionProperties) = preSolution
		HideSolutionNode = FALSE
	EndGlobalSection
	GlobalSection(ExtensibilityGlobals) = postSolution
		SolutionGuid = {8C6FE9F1-97D6-48F8-9888-D25F19938A7E}
	EndGlobalSection
EndGlobal
